
Microsoft Visual Studio Solution File, Format Version 12.00
# Visual Studio 2013
VisualStudioVersion = 12.0.30501.0
MinimumVisualStudioVersion = 10.0.40219.1
Project("{FAE04EC0-301F-11D3-BF4B-00C04F79EFBC}") = "LoginServer", "src\LoginServer\LoginServer.csproj", "{3C2D0134-1F31-45FC-9622-CDD28F17BCCE}"
EndProject
Project("{FAE04EC0-301F-11D3-BF4B-00C04F79EFBC}") = "ChannelServer", "src\ChannelServer\ChannelServer.csproj", "{1A902E04-6143-4D1D-9074-75EB133CC9E3}"
EndProject
Project("{FAE04EC0-301F-11D3-BF4B-00C04F79EFBC}") = "Shared", "src\Shared\Shared.csproj", "{49B4C28D-3E7D-4F57-8549-B0E13354DE5D}"
EndProject
Project("{FAE04EC0-301F-11D3-BF4B-00C04F79EFBC}") = "MsgrServer", "src\MsgrServer\MsgrServer.csproj", "{8722CE51-0F10-482C-9CCB-8A38256D1F88}"
EndProject
Project("{FAE04EC0-301F-11D3-BF4B-00C04F79EFBC}") = "Data", "src\Data\Data.csproj", "{2DEA473E-6FD9-4875-926E-8A1CF3E89703}"
EndProject
Project("{FAE04EC0-301F-11D3-BF4B-00C04F79EFBC}") = "WebServer", "src\WebServer\WebServer.csproj", "{61265059-F60C-4964-B734-B77507BB5BF1}"
EndProject
Global
	GlobalSection(SolutionConfigurationPlatforms) = preSolution
		Debug|Any CPU = Debug|Any CPU
		Debug|Mixed Platforms = Debug|Mixed Platforms
		Debug|x86 = Debug|x86
		Release|Any CPU = Release|Any CPU
		Release|Mixed Platforms = Release|Mixed Platforms
		Release|x86 = Release|x86
	EndGlobalSection
	GlobalSection(ProjectConfigurationPlatforms) = postSolution
		{3C2D0134-1F31-45FC-9622-CDD28F17BCCE}.Debug|Any CPU.ActiveCfg = Debug|x86
		{3C2D0134-1F31-45FC-9622-CDD28F17BCCE}.Debug|Mixed Platforms.ActiveCfg = Debug|x86
		{3C2D0134-1F31-45FC-9622-CDD28F17BCCE}.Debug|Mixed Platforms.Build.0 = Debug|x86
		{3C2D0134-1F31-45FC-9622-CDD28F17BCCE}.Debug|x86.ActiveCfg = Debug|x86
		{3C2D0134-1F31-45FC-9622-CDD28F17BCCE}.Debug|x86.Build.0 = Debug|x86
		{3C2D0134-1F31-45FC-9622-CDD28F17BCCE}.Release|Any CPU.ActiveCfg = Release|x86
		{3C2D0134-1F31-45FC-9622-CDD28F17BCCE}.Release|Mixed Platforms.ActiveCfg = Release|x86
		{3C2D0134-1F31-45FC-9622-CDD28F17BCCE}.Release|Mixed Platforms.Build.0 = Release|x86
		{3C2D0134-1F31-45FC-9622-CDD28F17BCCE}.Release|x86.ActiveCfg = Release|x86
		{3C2D0134-1F31-45FC-9622-CDD28F17BCCE}.Release|x86.Build.0 = Release|x86
		{1A902E04-6143-4D1D-9074-75EB133CC9E3}.Debug|Any CPU.ActiveCfg = Debug|x86
		{1A902E04-6143-4D1D-9074-75EB133CC9E3}.Debug|Mixed Platforms.ActiveCfg = Debug|x86
		{1A902E04-6143-4D1D-9074-75EB133CC9E3}.Debug|Mixed Platforms.Build.0 = Debug|x86
		{1A902E04-6143-4D1D-9074-75EB133CC9E3}.Debug|x86.ActiveCfg = Debug|x86
		{1A902E04-6143-4D1D-9074-75EB133CC9E3}.Debug|x86.Build.0 = Debug|x86
		{1A902E04-6143-4D1D-9074-75EB133CC9E3}.Release|Any CPU.ActiveCfg = Release|x86
		{1A902E04-6143-4D1D-9074-75EB133CC9E3}.Release|Mixed Platforms.ActiveCfg = Release|x86
		{1A902E04-6143-4D1D-9074-75EB133CC9E3}.Release|Mixed Platforms.Build.0 = Release|x86
		{1A902E04-6143-4D1D-9074-75EB133CC9E3}.Release|x86.ActiveCfg = Release|x86
		{1A902E04-6143-4D1D-9074-75EB133CC9E3}.Release|x86.Build.0 = Release|x86
		{49B4C28D-3E7D-4F57-8549-B0E13354DE5D}.Debug|Any CPU.ActiveCfg = Debug|Any CPU
		{49B4C28D-3E7D-4F57-8549-B0E13354DE5D}.Debug|Any CPU.Build.0 = Debug|Any CPU
		{49B4C28D-3E7D-4F57-8549-B0E13354DE5D}.Debug|Mixed Platforms.ActiveCfg = Debug|Any CPU
		{49B4C28D-3E7D-4F57-8549-B0E13354DE5D}.Debug|Mixed Platforms.Build.0 = Debug|Any CPU
		{49B4C28D-3E7D-4F57-8549-B0E13354DE5D}.Debug|x86.ActiveCfg = Debug|Any CPU
		{49B4C28D-3E7D-4F57-8549-B0E13354DE5D}.Release|Any CPU.ActiveCfg = Release|Any CPU
		{49B4C28D-3E7D-4F57-8549-B0E13354DE5D}.Release|Any CPU.Build.0 = Release|Any CPU
		{49B4C28D-3E7D-4F57-8549-B0E13354DE5D}.Release|Mixed Platforms.ActiveCfg = Release|Any CPU
		{49B4C28D-3E7D-4F57-8549-B0E13354DE5D}.Release|Mixed Platforms.Build.0 = Release|Any CPU
		{49B4C28D-3E7D-4F57-8549-B0E13354DE5D}.Release|x86.ActiveCfg = Release|Any CPU
		{8722CE51-0F10-482C-9CCB-8A38256D1F88}.Debug|Any CPU.ActiveCfg = Debug|x86
		{8722CE51-0F10-482C-9CCB-8A38256D1F88}.Debug|Mixed Platforms.ActiveCfg = Debug|x86
		{8722CE51-0F10-482C-9CCB-8A38256D1F88}.Debug|Mixed Platforms.Build.0 = Debug|x86
		{8722CE51-0F10-482C-9CCB-8A38256D1F88}.Debug|x86.ActiveCfg = Debug|x86
		{8722CE51-0F10-482C-9CCB-8A38256D1F88}.Debug|x86.Build.0 = Debug|x86
		{8722CE51-0F10-482C-9CCB-8A38256D1F88}.Release|Any CPU.ActiveCfg = Release|x86
		{8722CE51-0F10-482C-9CCB-8A38256D1F88}.Release|Mixed Platforms.ActiveCfg = Release|x86
		{8722CE51-0F10-482C-9CCB-8A38256D1F88}.Release|Mixed Platforms.Build.0 = Release|x86
		{8722CE51-0F10-482C-9CCB-8A38256D1F88}.Release|x86.ActiveCfg = Release|x86
		{8722CE51-0F10-482C-9CCB-8A38256D1F88}.Release|x86.Build.0 = Release|x86
		{2DEA473E-6FD9-4875-926E-8A1CF3E89703}.Debug|Any CPU.ActiveCfg = Debug|Any CPU
		{2DEA473E-6FD9-4875-926E-8A1CF3E89703}.Debug|Any CPU.Build.0 = Debug|Any CPU
		{2DEA473E-6FD9-4875-926E-8A1CF3E89703}.Debug|Mixed Platforms.ActiveCfg = Debug|Any CPU
		{2DEA473E-6FD9-4875-926E-8A1CF3E89703}.Debug|Mixed Platforms.Build.0 = Debug|Any CPU
		{2DEA473E-6FD9-4875-926E-8A1CF3E89703}.Debug|x86.ActiveCfg = Debug|Any CPU
		{2DEA473E-6FD9-4875-926E-8A1CF3E89703}.Release|Any CPU.ActiveCfg = Release|Any CPU
		{2DEA473E-6FD9-4875-926E-8A1CF3E89703}.Release|Any CPU.Build.0 = Release|Any CPU
		{2DEA473E-6FD9-4875-926E-8A1CF3E89703}.Release|Mixed Platforms.ActiveCfg = Release|Any CPU
		{2DEA473E-6FD9-4875-926E-8A1CF3E89703}.Release|Mixed Platforms.Build.0 = Release|Any CPU
		{2DEA473E-6FD9-4875-926E-8A1CF3E89703}.Release|x86.ActiveCfg = Release|Any CPU
		{61265059-F60C-4964-B734-B77507BB5BF1}.Debug|Any CPU.ActiveCfg = Debug|Any CPU
		{61265059-F60C-4964-B734-B77507BB5BF1}.Debug|Any CPU.Build.0 = Debug|Any CPU
		{61265059-F60C-4964-B734-B77507BB5BF1}.Debug|Mixed Platforms.ActiveCfg = Debug|Any CPU
		{61265059-F60C-4964-B734-B77507BB5BF1}.Debug|Mixed Platforms.Build.0 = Debug|Any CPU
		{61265059-F60C-4964-B734-B77507BB5BF1}.Debug|x86.ActiveCfg = Debug|Any CPU
		{61265059-F60C-4964-B734-B77507BB5BF1}.Release|Any CPU.ActiveCfg = Release|Any CPU
		{61265059-F60C-4964-B734-B77507BB5BF1}.Release|Any CPU.Build.0 = Release|Any CPU
		{61265059-F60C-4964-B734-B77507BB5BF1}.Release|Mixed Platforms.ActiveCfg = Release|Any CPU
		{61265059-F60C-4964-B734-B77507BB5BF1}.Release|Mixed Platforms.Build.0 = Release|Any CPU
		{61265059-F60C-4964-B734-B77507BB5BF1}.Release|x86.ActiveCfg = Release|Any CPU
	EndGlobalSection
	GlobalSection(SolutionProperties) = preSolution
		HideSolutionNode = FALSE
	EndGlobalSection
EndGlobal
